
Microsoft Visual Studio Solution File, Format Version 11.00
# Visual Studio 2010
Project("{FAE04EC0-301F-11D3-BF4B-00C04F79EFBC}") = "Jogo Game Jam", "Assembly-CSharp.csproj", "{B254BA4E-1FB7-B6BD-42D7-81FA81D00E5A}"
EndProject
Global
	GlobalSection(SolutionConfigurationPlatforms) = preSolution
		Debug|Any CPU = Debug|Any CPU
		Release|Any CPU = Release|Any CPU
	EndGlobalSection
	GlobalSection(ProjectConfigurationPlatforms) = postSolution
		{B254BA4E-1FB7-B6BD-42D7-81FA81D00E5A}.Debug|Any CPU.ActiveCfg = Debug|Any CPU
		{B254BA4E-1FB7-B6BD-42D7-81FA81D00E5A}.Debug|Any CPU.Build.0 = Debug|Any CPU
		{B254BA4E-1FB7-B6BD-42D7-81FA81D00E5A}.Release|Any CPU.ActiveCfg = Release|Any CPU
		{B254BA4E-1FB7-B6BD-42D7-81FA81D00E5A}.Release|Any CPU.Build.0 = Release|Any CPU
	EndGlobalSection
	GlobalSection(SolutionProperties) = preSolution
		HideSolutionNode = FALSE
	EndGlobalSection
	GlobalSection(MonoDevelopProperties) = preSolution
		StartupItem = Assembly-CSharp.csproj
	EndGlobalSection
EndGlobal
